
Microsoft Visual Studio Solution File, Format Version 12.00
# Visual Studio Version 16
VisualStudioVersion = 16.0.31613.86
MinimumVisualStudioVersion = 10.0.40219.1
Project("{FAE04EC0-301F-11D3-BF4B-00C04F79EFBC}") = "Heron", "Heron\Heron.csproj", "{A3CC60C1-0145-4237-8E81-1E96326B62A2}"
EndProject
Global
	GlobalSection(SolutionConfigurationPlatforms) = preSolution
		Debug|Any CPU = Debug|Any CPU
		Release|Any CPU = Release|Any CPU
	EndGlobalSection
	GlobalSection(ProjectConfigurationPlatforms) = postSolution
		{A3CC60C1-0145-4237-8E81-1E96326B62A2}.Debug|Any CPU.ActiveCfg = Debug|Any CPU
		{A3CC60C1-0145-4237-8E81-1E96326B62A2}.Debug|Any CPU.Build.0 = Debug|Any CPU
		{A3CC60C1-0145-4237-8E81-1E96326B62A2}.Release|Any CPU.ActiveCfg = Release|Any CPU
		{A3CC60C1-0145-4237-8E81-1E96326B62A2}.Release|Any CPU.Build.0 = Release|Any CPU
	EndGlobalSection
	GlobalSection(SolutionProperties) = preSolution
		HideSolutionNode = FALSE
	EndGlobalSection
	GlobalSection(ExtensibilityGlobals) = postSolution
		SolutionGuid = {50125008-9BD8-47A9-9FC7-BC762A783683}
	EndGlobalSection
EndGlobal
